
Microsoft Visual Studio Solution File, Format Version 12.00
# Visual Studio Version 17
VisualStudioVersion = 17.13.35931.197
MinimumVisualStudioVersion = 10.0.40219.1
Project("{54A90642-561A-4BB1-A94E-469ADEE60C69}") = "breakingnewground.client", "breakingnewground.client\breakingnewground.client.esproj", "{A9C4C948-FB00-E9F1-AA4F-32FE3E0A75D1}"
EndProject
Project("{FAE04EC0-301F-11D3-BF4B-00C04F79EFBC}") = "BreakingNewGround.Server", "BreakingNewGround.Server\BreakingNewGround.Server.csproj", "{4E82165E-2704-79E6-0D72-2039CD822241}"
EndProject
Project("{FAE04EC0-301F-11D3-BF4B-00C04F79EFBC}") = "BreakingNewGround.AppHost", "BreakingNewGround.AppHost\BreakingNewGround.AppHost.csproj", "{86041F2D-3F1D-456F-91B6-54509FEA7CC4}"
EndProject
Project("{FAE04EC0-301F-11D3-BF4B-00C04F79EFBC}") = "BreakingNewGround.ServiceDefaults", "BreakingNewGround.ServiceDefaults\BreakingNewGround.ServiceDefaults.csproj", "{5759C8E2-2D26-4EE3-C76E-B40FDF4E31C1}"
EndProject
Project("{FAE04EC0-301F-11D3-BF4B-00C04F79EFBC}") = "BreakingNewGround.Server.DAL.SQLite", "BreakingNewGround.Server.DAL\BreakingNewGround.Server.DAL.SQLite.csproj", "{4AC2F02A-BB1B-45EB-9609-0BBF54E9DE52}"
EndProject
Global
	GlobalSection(SolutionConfigurationPlatforms) = preSolution
		Debug|Any CPU = Debug|Any CPU
		Release|Any CPU = Release|Any CPU
	EndGlobalSection
	GlobalSection(ProjectConfigurationPlatforms) = postSolution
		{A9C4C948-FB00-E9F1-AA4F-32FE3E0A75D1}.Debug|Any CPU.ActiveCfg = Debug|Any CPU
		{A9C4C948-FB00-E9F1-AA4F-32FE3E0A75D1}.Debug|Any CPU.Build.0 = Debug|Any CPU
		{A9C4C948-FB00-E9F1-AA4F-32FE3E0A75D1}.Release|Any CPU.ActiveCfg = Release|Any CPU
		{A9C4C948-FB00-E9F1-AA4F-32FE3E0A75D1}.Release|Any CPU.Build.0 = Release|Any CPU
		{4E82165E-2704-79E6-0D72-2039CD822241}.Debug|Any CPU.ActiveCfg = Debug|Any CPU
		{4E82165E-2704-79E6-0D72-2039CD822241}.Debug|Any CPU.Build.0 = Debug|Any CPU
		{4E82165E-2704-79E6-0D72-2039CD822241}.Release|Any CPU.ActiveCfg = Release|Any CPU
		{4E82165E-2704-79E6-0D72-2039CD822241}.Release|Any CPU.Build.0 = Release|Any CPU
		{86041F2D-3F1D-456F-91B6-54509FEA7CC4}.Debug|Any CPU.ActiveCfg = Debug|Any CPU
		{86041F2D-3F1D-456F-91B6-54509FEA7CC4}.Debug|Any CPU.Build.0 = Debug|Any CPU
		{86041F2D-3F1D-456F-91B6-54509FEA7CC4}.Release|Any CPU.ActiveCfg = Release|Any CPU
		{86041F2D-3F1D-456F-91B6-54509FEA7CC4}.Release|Any CPU.Build.0 = Release|Any CPU
		{5759C8E2-2D26-4EE3-C76E-B40FDF4E31C1}.Debug|Any CPU.ActiveCfg = Debug|Any CPU
		{5759C8E2-2D26-4EE3-C76E-B40FDF4E31C1}.Debug|Any CPU.Build.0 = Debug|Any CPU
		{5759C8E2-2D26-4EE3-C76E-B40FDF4E31C1}.Release|Any CPU.ActiveCfg = Release|Any CPU
		{5759C8E2-2D26-4EE3-C76E-B40FDF4E31C1}.Release|Any CPU.Build.0 = Release|Any CPU
		{4AC2F02A-BB1B-45EB-9609-0BBF54E9DE52}.Debug|Any CPU.ActiveCfg = Debug|Any CPU
		{4AC2F02A-BB1B-45EB-9609-0BBF54E9DE52}.Debug|Any CPU.Build.0 = Debug|Any CPU
		{4AC2F02A-BB1B-45EB-9609-0BBF54E9DE52}.Release|Any CPU.ActiveCfg = Release|Any CPU
		{4AC2F02A-BB1B-45EB-9609-0BBF54E9DE52}.Release|Any CPU.Build.0 = Release|Any CPU
	EndGlobalSection
	GlobalSection(SolutionProperties) = preSolution
		HideSolutionNode = FALSE
	EndGlobalSection
	GlobalSection(ExtensibilityGlobals) = postSolution
		SolutionGuid = {27072F5C-74E4-4D3D-9E1A-4978EC3427AD}
	EndGlobalSection
EndGlobal
